
Microsoft Visual Studio Solution File, Format Version 12.00
# Visual Studio 14
VisualStudioVersion = 14.0.23107.0
MinimumVisualStudioVersion = 10.0.40219.1
Project("{2150E333-8FDC-42A3-9474-1A3956D46DE8}") = "src", "src", "{2A3B3190-823D-40D1-95B3-CCF19F4392BD}"
EndProject
Project("{F2A71F9B-5D33-465A-A702-920D77279786}") = "Nini", "src\Nini\Nini.fsproj", "{7D7DE080-E4E4-4BA3-851C-14B47D455A57}"
EndProject
Project("{2150E333-8FDC-42A3-9474-1A3956D46DE8}") = "Solution Items", "Solution Items", "{D1C94591-DD5D-440E-A305-03457F18131D}"
	ProjectSection(SolutionItems) = preProject
		.editorconfig = .editorconfig
		appveyor.yml = appveyor.yml
		global.json = global.json
		NuGet.Config = NuGet.Config
	EndProjectSection
EndProject
Project("{2150E333-8FDC-42A3-9474-1A3956D46DE8}") = "sample", "sample", "{7FF28E3B-C33E-49C5-BC51-48EDFF4B9582}"
EndProject
Project("{F2A71F9B-5D33-465A-A702-920D77279786}") = "HelloFSharp", "sample\HelloFSharp\HelloFSharp.fsproj", "{1B207D65-5FF8-46BD-BD87-11966F36A6B7}"
EndProject
Project("{F2A71F9B-5D33-465A-A702-920D77279786}") = "Nini.Templ", "src\Nini.Templ\Nini.Templ.fsproj", "{BCF0A447-5B4B-4FE5-ADDA-5F49D3B8F9FD}"
EndProject
Project("{2150E333-8FDC-42A3-9474-1A3956D46DE8}") = "test", "test", "{67129E33-BF2A-4183-A0E3-32627BDAB5B4}"
EndProject
Project("{F2A71F9B-5D33-465A-A702-920D77279786}") = "Nini.Templ.Tests", "test\Nini.Templ.Tests\Nini.Templ.Tests.fsproj", "{6410CAD8-52BA-46B1-A949-32A4A61C0C6E}"
EndProject
Project("{F2A71F9B-5D33-465A-A702-920D77279786}") = "Argonaut", "src\Argonaut\Argonaut.fsproj", "{7FB3321D-F167-425A-A557-6D641850957E}"
EndProject
Global
	GlobalSection(SolutionConfigurationPlatforms) = preSolution
		Debug|Any CPU = Debug|Any CPU
		Release|Any CPU = Release|Any CPU
	EndGlobalSection
	GlobalSection(ProjectConfigurationPlatforms) = postSolution
		{7D7DE080-E4E4-4BA3-851C-14B47D455A57}.Debug|Any CPU.ActiveCfg = Debug|Any CPU
		{7D7DE080-E4E4-4BA3-851C-14B47D455A57}.Debug|Any CPU.Build.0 = Debug|Any CPU
		{7D7DE080-E4E4-4BA3-851C-14B47D455A57}.Release|Any CPU.ActiveCfg = Release|Any CPU
		{7D7DE080-E4E4-4BA3-851C-14B47D455A57}.Release|Any CPU.Build.0 = Release|Any CPU
		{1B207D65-5FF8-46BD-BD87-11966F36A6B7}.Debug|Any CPU.ActiveCfg = Debug|Any CPU
		{1B207D65-5FF8-46BD-BD87-11966F36A6B7}.Debug|Any CPU.Build.0 = Debug|Any CPU
		{1B207D65-5FF8-46BD-BD87-11966F36A6B7}.Release|Any CPU.ActiveCfg = Release|Any CPU
		{1B207D65-5FF8-46BD-BD87-11966F36A6B7}.Release|Any CPU.Build.0 = Release|Any CPU
		{BCF0A447-5B4B-4FE5-ADDA-5F49D3B8F9FD}.Debug|Any CPU.ActiveCfg = Debug|Any CPU
		{BCF0A447-5B4B-4FE5-ADDA-5F49D3B8F9FD}.Debug|Any CPU.Build.0 = Debug|Any CPU
		{BCF0A447-5B4B-4FE5-ADDA-5F49D3B8F9FD}.Release|Any CPU.ActiveCfg = Release|Any CPU
		{BCF0A447-5B4B-4FE5-ADDA-5F49D3B8F9FD}.Release|Any CPU.Build.0 = Release|Any CPU
		{6410CAD8-52BA-46B1-A949-32A4A61C0C6E}.Debug|Any CPU.ActiveCfg = Debug|Any CPU
		{6410CAD8-52BA-46B1-A949-32A4A61C0C6E}.Debug|Any CPU.Build.0 = Debug|Any CPU
		{6410CAD8-52BA-46B1-A949-32A4A61C0C6E}.Release|Any CPU.ActiveCfg = Release|Any CPU
		{6410CAD8-52BA-46B1-A949-32A4A61C0C6E}.Release|Any CPU.Build.0 = Release|Any CPU
		{7FB3321D-F167-425A-A557-6D641850957E}.Debug|Any CPU.ActiveCfg = Debug|Any CPU
		{7FB3321D-F167-425A-A557-6D641850957E}.Debug|Any CPU.Build.0 = Debug|Any CPU
		{7FB3321D-F167-425A-A557-6D641850957E}.Release|Any CPU.ActiveCfg = Release|Any CPU
		{7FB3321D-F167-425A-A557-6D641850957E}.Release|Any CPU.Build.0 = Release|Any CPU
	EndGlobalSection
	GlobalSection(SolutionProperties) = preSolution
		HideSolutionNode = FALSE
	EndGlobalSection
	GlobalSection(NestedProjects) = preSolution
		{7D7DE080-E4E4-4BA3-851C-14B47D455A57} = {2A3B3190-823D-40D1-95B3-CCF19F4392BD}
		{1B207D65-5FF8-46BD-BD87-11966F36A6B7} = {7FF28E3B-C33E-49C5-BC51-48EDFF4B9582}
		{BCF0A447-5B4B-4FE5-ADDA-5F49D3B8F9FD} = {2A3B3190-823D-40D1-95B3-CCF19F4392BD}
		{6410CAD8-52BA-46B1-A949-32A4A61C0C6E} = {67129E33-BF2A-4183-A0E3-32627BDAB5B4}
		{7FB3321D-F167-425A-A557-6D641850957E} = {2A3B3190-823D-40D1-95B3-CCF19F4392BD}
	EndGlobalSection
EndGlobal
